
Microsoft Visual Studio Solution File, Format Version 12.00
# Visual Studio Version 16
VisualStudioVersion = 16.0.29911.84
MinimumVisualStudioVersion = 10.0.40219.1
Project("{FAE04EC0-301F-11D3-BF4B-00C04F79EFBC}") = "Ikä tehtävä", "Ikä tehtävä\Ikä tehtävä.csproj", "{D3C8F765-5B9B-497C-A3C2-7B4C9A93F0EA}"
EndProject
Global
	GlobalSection(SolutionConfigurationPlatforms) = preSolution
		Debug|Any CPU = Debug|Any CPU
		Release|Any CPU = Release|Any CPU
	EndGlobalSection
	GlobalSection(ProjectConfigurationPlatforms) = postSolution
		{D3C8F765-5B9B-497C-A3C2-7B4C9A93F0EA}.Debug|Any CPU.ActiveCfg = Debug|Any CPU
		{D3C8F765-5B9B-497C-A3C2-7B4C9A93F0EA}.Debug|Any CPU.Build.0 = Debug|Any CPU
		{D3C8F765-5B9B-497C-A3C2-7B4C9A93F0EA}.Release|Any CPU.ActiveCfg = Release|Any CPU
		{D3C8F765-5B9B-497C-A3C2-7B4C9A93F0EA}.Release|Any CPU.Build.0 = Release|Any CPU
	EndGlobalSection
	GlobalSection(SolutionProperties) = preSolution
		HideSolutionNode = FALSE
	EndGlobalSection
	GlobalSection(ExtensibilityGlobals) = postSolution
		SolutionGuid = {BA74AE9F-CEC8-46AA-B04C-F1EEB5BEF02B}
	EndGlobalSection
EndGlobal
