
Microsoft Visual Studio Solution File, Format Version 12.00
# Visual Studio Version 16
VisualStudioVersion = 16.0.29911.84
MinimumVisualStudioVersion = 10.0.40219.1
Project("{FAE04EC0-301F-11D3-BF4B-00C04F79EFBC}") = "Yhteenlasku", "Yhteenlasku\Yhteenlasku.csproj", "{C8506131-9784-4A21-BCA0-FC9FDF448445}"
EndProject
Global
	GlobalSection(SolutionConfigurationPlatforms) = preSolution
		Debug|Any CPU = Debug|Any CPU
		Release|Any CPU = Release|Any CPU
	EndGlobalSection
	GlobalSection(ProjectConfigurationPlatforms) = postSolution
		{C8506131-9784-4A21-BCA0-FC9FDF448445}.Debug|Any CPU.ActiveCfg = Debug|Any CPU
		{C8506131-9784-4A21-BCA0-FC9FDF448445}.Debug|Any CPU.Build.0 = Debug|Any CPU
		{C8506131-9784-4A21-BCA0-FC9FDF448445}.Release|Any CPU.ActiveCfg = Release|Any CPU
		{C8506131-9784-4A21-BCA0-FC9FDF448445}.Release|Any CPU.Build.0 = Release|Any CPU
	EndGlobalSection
	GlobalSection(SolutionProperties) = preSolution
		HideSolutionNode = FALSE
	EndGlobalSection
	GlobalSection(ExtensibilityGlobals) = postSolution
		SolutionGuid = {0A26A2C3-6136-427B-AB93-CCCB341F2A77}
	EndGlobalSection
EndGlobal
