
Microsoft Visual Studio Solution File, Format Version 12.00
# Visual Studio Version 16
VisualStudioVersion = 16.0.31702.278
MinimumVisualStudioVersion = 10.0.40219.1
Project("{FAE04EC0-301F-11D3-BF4B-00C04F79EFBC}") = "Harjoitus 4", "Harjoitus 4\Harjoitus 4.csproj", "{ABE68A26-3DF5-4C05-ACA8-58ECB5639EA6}"
EndProject
Global
	GlobalSection(SolutionConfigurationPlatforms) = preSolution
		Debug|Any CPU = Debug|Any CPU
		Release|Any CPU = Release|Any CPU
	EndGlobalSection
	GlobalSection(ProjectConfigurationPlatforms) = postSolution
		{ABE68A26-3DF5-4C05-ACA8-58ECB5639EA6}.Debug|Any CPU.ActiveCfg = Debug|Any CPU
		{ABE68A26-3DF5-4C05-ACA8-58ECB5639EA6}.Debug|Any CPU.Build.0 = Debug|Any CPU
		{ABE68A26-3DF5-4C05-ACA8-58ECB5639EA6}.Release|Any CPU.ActiveCfg = Release|Any CPU
		{ABE68A26-3DF5-4C05-ACA8-58ECB5639EA6}.Release|Any CPU.Build.0 = Release|Any CPU
	EndGlobalSection
	GlobalSection(SolutionProperties) = preSolution
		HideSolutionNode = FALSE
	EndGlobalSection
	GlobalSection(ExtensibilityGlobals) = postSolution
		SolutionGuid = {81B9BEA0-81FE-4A2F-BF59-A5D47B491187}
	EndGlobalSection
EndGlobal
