
Microsoft Visual Studio Solution File, Format Version 12.00
# Visual Studio Version 16
VisualStudioVersion = 16.0.31702.278
MinimumVisualStudioVersion = 10.0.40219.1
Project("{FAE04EC0-301F-11D3-BF4B-00C04F79EFBC}") = "Kirjasto tehtävä", "Kirjasto tehtävä\Kirjasto tehtävä.csproj", "{228C3E21-5951-46A7-9692-E5A477142445}"
EndProject
Global
	GlobalSection(SolutionConfigurationPlatforms) = preSolution
		Debug|Any CPU = Debug|Any CPU
		Release|Any CPU = Release|Any CPU
	EndGlobalSection
	GlobalSection(ProjectConfigurationPlatforms) = postSolution
		{228C3E21-5951-46A7-9692-E5A477142445}.Debug|Any CPU.ActiveCfg = Debug|Any CPU
		{228C3E21-5951-46A7-9692-E5A477142445}.Debug|Any CPU.Build.0 = Debug|Any CPU
		{228C3E21-5951-46A7-9692-E5A477142445}.Release|Any CPU.ActiveCfg = Release|Any CPU
		{228C3E21-5951-46A7-9692-E5A477142445}.Release|Any CPU.Build.0 = Release|Any CPU
	EndGlobalSection
	GlobalSection(SolutionProperties) = preSolution
		HideSolutionNode = FALSE
	EndGlobalSection
	GlobalSection(ExtensibilityGlobals) = postSolution
		SolutionGuid = {59C18ED5-7910-4B52-A4C0-5D7E4F60AB8A}
	EndGlobalSection
EndGlobal
