
Microsoft Visual Studio Solution File, Format Version 12.00
# Visual Studio Version 16
VisualStudioVersion = 16.0.31702.278
MinimumVisualStudioVersion = 10.0.40219.1
Project("{FAE04EC0-301F-11D3-BF4B-00C04F79EFBC}") = "Kahvio", "Kahvio\Kahvio.csproj", "{ECB040AE-F5EC-4CE0-A4DB-7121540B0D0C}"
EndProject
Global
	GlobalSection(SolutionConfigurationPlatforms) = preSolution
		Debug|Any CPU = Debug|Any CPU
		Release|Any CPU = Release|Any CPU
	EndGlobalSection
	GlobalSection(ProjectConfigurationPlatforms) = postSolution
		{ECB040AE-F5EC-4CE0-A4DB-7121540B0D0C}.Debug|Any CPU.ActiveCfg = Debug|Any CPU
		{ECB040AE-F5EC-4CE0-A4DB-7121540B0D0C}.Debug|Any CPU.Build.0 = Debug|Any CPU
		{ECB040AE-F5EC-4CE0-A4DB-7121540B0D0C}.Release|Any CPU.ActiveCfg = Release|Any CPU
		{ECB040AE-F5EC-4CE0-A4DB-7121540B0D0C}.Release|Any CPU.Build.0 = Release|Any CPU
	EndGlobalSection
	GlobalSection(SolutionProperties) = preSolution
		HideSolutionNode = FALSE
	EndGlobalSection
	GlobalSection(ExtensibilityGlobals) = postSolution
		SolutionGuid = {4DA00CC9-3A26-4521-B82A-CD7DA9790ABE}
	EndGlobalSection
EndGlobal
