
Microsoft Visual Studio Solution File, Format Version 12.00
# Visual Studio Version 16
VisualStudioVersion = 16.0.29911.84
MinimumVisualStudioVersion = 10.0.40219.1
Project("{FAE04EC0-301F-11D3-BF4B-00C04F79EFBC}") = "Ehtolause 7", "Ehtolause 7\Ehtolause 7.csproj", "{17578605-C580-41C7-AB22-8FE2BA56FBCE}"
EndProject
Global
	GlobalSection(SolutionConfigurationPlatforms) = preSolution
		Debug|Any CPU = Debug|Any CPU
		Release|Any CPU = Release|Any CPU
	EndGlobalSection
	GlobalSection(ProjectConfigurationPlatforms) = postSolution
		{17578605-C580-41C7-AB22-8FE2BA56FBCE}.Debug|Any CPU.ActiveCfg = Debug|Any CPU
		{17578605-C580-41C7-AB22-8FE2BA56FBCE}.Debug|Any CPU.Build.0 = Debug|Any CPU
		{17578605-C580-41C7-AB22-8FE2BA56FBCE}.Release|Any CPU.ActiveCfg = Release|Any CPU
		{17578605-C580-41C7-AB22-8FE2BA56FBCE}.Release|Any CPU.Build.0 = Release|Any CPU
	EndGlobalSection
	GlobalSection(SolutionProperties) = preSolution
		HideSolutionNode = FALSE
	EndGlobalSection
	GlobalSection(ExtensibilityGlobals) = postSolution
		SolutionGuid = {EE9FFCCE-0BAD-4FFD-A3FB-5BAB6C0E0D55}
	EndGlobalSection
EndGlobal
