
Microsoft Visual Studio Solution File, Format Version 12.00
# Visual Studio Version 16
VisualStudioVersion = 16.0.29920.165
MinimumVisualStudioVersion = 10.0.40219.1
Project("{FAE04EC0-301F-11D3-BF4B-00C04F79EFBC}") = "Ehtolause 3", "Ehtolause 3\Ehtolause 3.csproj", "{30121678-0209-400B-9F7F-C5AF99AC3529}"
EndProject
Global
	GlobalSection(SolutionConfigurationPlatforms) = preSolution
		Debug|Any CPU = Debug|Any CPU
		Release|Any CPU = Release|Any CPU
	EndGlobalSection
	GlobalSection(ProjectConfigurationPlatforms) = postSolution
		{30121678-0209-400B-9F7F-C5AF99AC3529}.Debug|Any CPU.ActiveCfg = Debug|Any CPU
		{30121678-0209-400B-9F7F-C5AF99AC3529}.Debug|Any CPU.Build.0 = Debug|Any CPU
		{30121678-0209-400B-9F7F-C5AF99AC3529}.Release|Any CPU.ActiveCfg = Release|Any CPU
		{30121678-0209-400B-9F7F-C5AF99AC3529}.Release|Any CPU.Build.0 = Release|Any CPU
	EndGlobalSection
	GlobalSection(SolutionProperties) = preSolution
		HideSolutionNode = FALSE
	EndGlobalSection
	GlobalSection(ExtensibilityGlobals) = postSolution
		SolutionGuid = {7C35742F-1282-4232-A0A6-877834E027B8}
	EndGlobalSection
EndGlobal
