
Microsoft Visual Studio Solution File, Format Version 12.00
# Visual Studio Version 16
VisualStudioVersion = 16.0.29911.84
MinimumVisualStudioVersion = 10.0.40219.1
Project("{FAE04EC0-301F-11D3-BF4B-00C04F79EFBC}") = "Harjoitus6", "Harjoitus6\Harjoitus6.csproj", "{2C1D69E3-E142-49C7-AC44-7B931839DE5B}"
EndProject
Global
	GlobalSection(SolutionConfigurationPlatforms) = preSolution
		Debug|Any CPU = Debug|Any CPU
		Release|Any CPU = Release|Any CPU
	EndGlobalSection
	GlobalSection(ProjectConfigurationPlatforms) = postSolution
		{2C1D69E3-E142-49C7-AC44-7B931839DE5B}.Debug|Any CPU.ActiveCfg = Debug|Any CPU
		{2C1D69E3-E142-49C7-AC44-7B931839DE5B}.Debug|Any CPU.Build.0 = Debug|Any CPU
		{2C1D69E3-E142-49C7-AC44-7B931839DE5B}.Release|Any CPU.ActiveCfg = Release|Any CPU
		{2C1D69E3-E142-49C7-AC44-7B931839DE5B}.Release|Any CPU.Build.0 = Release|Any CPU
	EndGlobalSection
	GlobalSection(SolutionProperties) = preSolution
		HideSolutionNode = FALSE
	EndGlobalSection
	GlobalSection(ExtensibilityGlobals) = postSolution
		SolutionGuid = {14174A70-12E0-4246-A599-D065AD72E641}
	EndGlobalSection
EndGlobal
