
Microsoft Visual Studio Solution File, Format Version 12.00
# Visual Studio Version 16
VisualStudioVersion = 16.0.31702.278
MinimumVisualStudioVersion = 10.0.40219.1
Project("{FAE04EC0-301F-11D3-BF4B-00C04F79EFBC}") = "Celcius ja Fahrenheit", "Celcius ja Fahrenheit\Celcius ja Fahrenheit.csproj", "{F0ABFCDF-DE6E-4DC2-A8E5-C0741C56A816}"
EndProject
Global
	GlobalSection(SolutionConfigurationPlatforms) = preSolution
		Debug|Any CPU = Debug|Any CPU
		Release|Any CPU = Release|Any CPU
	EndGlobalSection
	GlobalSection(ProjectConfigurationPlatforms) = postSolution
		{F0ABFCDF-DE6E-4DC2-A8E5-C0741C56A816}.Debug|Any CPU.ActiveCfg = Debug|Any CPU
		{F0ABFCDF-DE6E-4DC2-A8E5-C0741C56A816}.Debug|Any CPU.Build.0 = Debug|Any CPU
		{F0ABFCDF-DE6E-4DC2-A8E5-C0741C56A816}.Release|Any CPU.ActiveCfg = Release|Any CPU
		{F0ABFCDF-DE6E-4DC2-A8E5-C0741C56A816}.Release|Any CPU.Build.0 = Release|Any CPU
	EndGlobalSection
	GlobalSection(SolutionProperties) = preSolution
		HideSolutionNode = FALSE
	EndGlobalSection
	GlobalSection(ExtensibilityGlobals) = postSolution
		SolutionGuid = {B51501C8-BD2D-4C0D-88E6-9A79963E9253}
	EndGlobalSection
EndGlobal
