
Microsoft Visual Studio Solution File, Format Version 12.00
# Visual Studio Version 16
VisualStudioVersion = 16.0.29911.84
MinimumVisualStudioVersion = 10.0.40219.1
Project("{FAE04EC0-301F-11D3-BF4B-00C04F79EFBC}") = "Kertotaulu", "Kertotaulu\Kertotaulu.csproj", "{7183B7AB-92B6-42C7-A920-935247A29F0E}"
EndProject
Global
	GlobalSection(SolutionConfigurationPlatforms) = preSolution
		Debug|Any CPU = Debug|Any CPU
		Release|Any CPU = Release|Any CPU
	EndGlobalSection
	GlobalSection(ProjectConfigurationPlatforms) = postSolution
		{7183B7AB-92B6-42C7-A920-935247A29F0E}.Debug|Any CPU.ActiveCfg = Debug|Any CPU
		{7183B7AB-92B6-42C7-A920-935247A29F0E}.Debug|Any CPU.Build.0 = Debug|Any CPU
		{7183B7AB-92B6-42C7-A920-935247A29F0E}.Release|Any CPU.ActiveCfg = Release|Any CPU
		{7183B7AB-92B6-42C7-A920-935247A29F0E}.Release|Any CPU.Build.0 = Release|Any CPU
	EndGlobalSection
	GlobalSection(SolutionProperties) = preSolution
		HideSolutionNode = FALSE
	EndGlobalSection
	GlobalSection(ExtensibilityGlobals) = postSolution
		SolutionGuid = {FD29E683-D2C4-422D-AD1A-CAD4678541DE}
	EndGlobalSection
EndGlobal
