
Microsoft Visual Studio Solution File, Format Version 12.00
# Visual Studio Version 16
VisualStudioVersion = 16.0.29911.84
MinimumVisualStudioVersion = 10.0.40219.1
Project("{FAE04EC0-301F-11D3-BF4B-00C04F79EFBC}") = "OmaNimi", "OmaNimi\OmaNimi.csproj", "{62308DDE-3F81-4106-83FD-2ED70746D4E9}"
EndProject
Global
	GlobalSection(SolutionConfigurationPlatforms) = preSolution
		Debug|Any CPU = Debug|Any CPU
		Release|Any CPU = Release|Any CPU
	EndGlobalSection
	GlobalSection(ProjectConfigurationPlatforms) = postSolution
		{62308DDE-3F81-4106-83FD-2ED70746D4E9}.Debug|Any CPU.ActiveCfg = Debug|Any CPU
		{62308DDE-3F81-4106-83FD-2ED70746D4E9}.Debug|Any CPU.Build.0 = Debug|Any CPU
		{62308DDE-3F81-4106-83FD-2ED70746D4E9}.Release|Any CPU.ActiveCfg = Release|Any CPU
		{62308DDE-3F81-4106-83FD-2ED70746D4E9}.Release|Any CPU.Build.0 = Release|Any CPU
	EndGlobalSection
	GlobalSection(SolutionProperties) = preSolution
		HideSolutionNode = FALSE
	EndGlobalSection
	GlobalSection(ExtensibilityGlobals) = postSolution
		SolutionGuid = {3915FEDB-0438-4C4C-93F8-983C49568EC6}
	EndGlobalSection
EndGlobal
